
Microsoft Visual Studio Solution File, Format Version 12.00
# Visual Studio Version 16
VisualStudioVersion = 16.0.31025.194
MinimumVisualStudioVersion = 10.0.40219.1
Project("{FAE04EC0-301F-11D3-BF4B-00C04F79EFBC}") = "Dashboard", "Dashboard.csproj", "{784442A6-FCEF-4F5E-898A-E6E5C20B7ACB}"
EndProject
Global
	GlobalSection(SolutionConfigurationPlatforms) = preSolution
		Debug|Any CPU = Debug|Any CPU
		Release|Any CPU = Release|Any CPU
	EndGlobalSection
	GlobalSection(ProjectConfigurationPlatforms) = postSolution
		{784442A6-FCEF-4F5E-898A-E6E5C20B7ACB}.Debug|Any CPU.ActiveCfg = Debug|Any CPU
		{784442A6-FCEF-4F5E-898A-E6E5C20B7ACB}.Debug|Any CPU.Build.0 = Debug|Any CPU
		{784442A6-FCEF-4F5E-898A-E6E5C20B7ACB}.Release|Any CPU.ActiveCfg = Release|Any CPU
		{784442A6-FCEF-4F5E-898A-E6E5C20B7ACB}.Release|Any CPU.Build.0 = Release|Any CPU
	EndGlobalSection
	GlobalSection(SolutionProperties) = preSolution
		HideSolutionNode = FALSE
	EndGlobalSection
	GlobalSection(ExtensibilityGlobals) = postSolution
		SolutionGuid = {4F4DD1A6-F920-4018-B61A-1F6C68C1322B}
	EndGlobalSection
EndGlobal
